
Microsoft Visual Studio Solution File, Format Version 12.00
# Visual Studio 2013
VisualStudioVersion = 12.0.31101.0
MinimumVisualStudioVersion = 10.0.40219.1
Project("{FAE04EC0-301F-11D3-BF4B-00C04F79EFBC}") = "PO2Helper", "PO2Helper\PO2Helper.csproj", "{75C5EDA0-D141-4CDA-964A-7A93617DFCB0}"
EndProject
Global
	GlobalSection(SolutionConfigurationPlatforms) = preSolution
		Debug|Any CPU = Debug|Any CPU
		Release|Any CPU = Release|Any CPU
	EndGlobalSection
	GlobalSection(ProjectConfigurationPlatforms) = postSolution
		{75C5EDA0-D141-4CDA-964A-7A93617DFCB0}.Debug|Any CPU.ActiveCfg = Debug|Any CPU
		{75C5EDA0-D141-4CDA-964A-7A93617DFCB0}.Debug|Any CPU.Build.0 = Debug|Any CPU
		{75C5EDA0-D141-4CDA-964A-7A93617DFCB0}.Release|Any CPU.ActiveCfg = Release|Any CPU
		{75C5EDA0-D141-4CDA-964A-7A93617DFCB0}.Release|Any CPU.Build.0 = Release|Any CPU
	EndGlobalSection
	GlobalSection(SolutionProperties) = preSolution
		HideSolutionNode = FALSE
	EndGlobalSection
EndGlobal
